
Microsoft Visual Studio Solution File, Format Version 11.00
# Visual Studio 2010
Project("{FAE04EC0-301F-11D3-BF4B-00C04F79EFBC}") = "Zip", "Integration Pack\Zip.csproj", "{90B34DB9-F15A-4D4B-BEC3-5F139B7B5F40}"
EndProject
Project("{2150E333-8FDC-42A3-9474-1A3956D46DE8}") = "Solution Items", "Solution Items", "{8458C93F-8970-48CA-9019-17F975D52D91}"
	ProjectSection(SolutionItems) = preProject
		SCORCHDev.Zip.OIP = SCORCHDev.Zip.OIP
	EndProjectSection
EndProject
Global
	GlobalSection(TeamFoundationVersionControl) = preSolution
		SccNumberOfProjects = 2
		SccEnterpriseProvider = {4CA58AB2-18FA-4F8D-95D4-32DDF27D184C}
		SccTeamFoundationServer = https://tfs.codeplex.com/tfs/tfs21
		SccLocalPath0 = .
		SccProjectUniqueName1 = Integration\u0020Pack\\Zip.csproj
		SccProjectName1 = Integration\u0020Pack
		SccLocalPath1 = Integration\u0020Pack
	EndGlobalSection
	GlobalSection(SolutionConfigurationPlatforms) = preSolution
		Debug|x86 = Debug|x86
		Release|x86 = Release|x86
	EndGlobalSection
	GlobalSection(ProjectConfigurationPlatforms) = postSolution
		{90B34DB9-F15A-4D4B-BEC3-5F139B7B5F40}.Debug|x86.ActiveCfg = Debug|x86
		{90B34DB9-F15A-4D4B-BEC3-5F139B7B5F40}.Debug|x86.Build.0 = Debug|x86
		{90B34DB9-F15A-4D4B-BEC3-5F139B7B5F40}.Release|x86.ActiveCfg = Release|x86
		{90B34DB9-F15A-4D4B-BEC3-5F139B7B5F40}.Release|x86.Build.0 = Release|x86
	EndGlobalSection
	GlobalSection(SolutionProperties) = preSolution
		HideSolutionNode = FALSE
	EndGlobalSection
EndGlobal
