
Microsoft Visual Studio Solution File, Format Version 11.00
# Visual Studio 2010
Project("{FAE04EC0-301F-11D3-BF4B-00C04F79EFBC}") = "ExchangeCalendaring", "Integration Pack\ExchangeCalendaring.csproj", "{2723AA57-0F2D-45B1-8A52-629870B13422}"
EndProject
Project("{2150E333-8FDC-42A3-9474-1A3956D46DE8}") = "Solution Items", "Solution Items", "{191A2E7D-BE15-4DDC-BE68-B13A85CE7E41}"
	ProjectSection(SolutionItems) = preProject
		ExchangeCalendaring.oip = ExchangeCalendaring.oip
	EndProjectSection
EndProject
Global
	GlobalSection(TeamFoundationVersionControl) = preSolution
		SccNumberOfProjects = 2
		SccEnterpriseProvider = {4CA58AB2-18FA-4F8D-95D4-32DDF27D184C}
		SccTeamFoundationServer = https://tfs.codeplex.com/tfs/tfs21
		SccLocalPath0 = .
		SccProjectUniqueName1 = Integration\u0020Pack\\ExchangeCalendaring.csproj
		SccProjectName1 = Integration\u0020Pack
		SccLocalPath1 = Integration\u0020Pack
	EndGlobalSection
	GlobalSection(SolutionConfigurationPlatforms) = preSolution
		Debug|Any CPU = Debug|Any CPU
		Release|Any CPU = Release|Any CPU
	EndGlobalSection
	GlobalSection(ProjectConfigurationPlatforms) = postSolution
		{2723AA57-0F2D-45B1-8A52-629870B13422}.Debug|Any CPU.ActiveCfg = Debug|Any CPU
		{2723AA57-0F2D-45B1-8A52-629870B13422}.Debug|Any CPU.Build.0 = Debug|Any CPU
		{2723AA57-0F2D-45B1-8A52-629870B13422}.Release|Any CPU.ActiveCfg = Release|Any CPU
		{2723AA57-0F2D-45B1-8A52-629870B13422}.Release|Any CPU.Build.0 = Release|Any CPU
	EndGlobalSection
	GlobalSection(SolutionProperties) = preSolution
		HideSolutionNode = FALSE
	EndGlobalSection
EndGlobal
