
Microsoft Visual Studio Solution File, Format Version 12.00
# Visual Studio 2012
Project("{FAE04EC0-301F-11D3-BF4B-00C04F79EFBC}") = "SCCMInterop", "Interop\SCCMInterop.csproj", "{4810C6EF-EF82-40E2-A105-464A539E7C15}"
EndProject
Project("{FAE04EC0-301F-11D3-BF4B-00C04F79EFBC}") = "SCCMIntegrationPack", "Integration Pack\SCCMIntegrationPack.csproj", "{F9803110-CCB7-4304-9620-29A1A7A79328}"
EndProject
Project("{8BC9CEB8-8B4A-11D0-8D11-00A0C91BC942}") = "SCCMExtension.Images", "Image Project\QIK.Wizard.Images.vcxproj", "{2323237C-E163-4F20-868E-46F95BDDED23}"
EndProject
Project("{2150E333-8FDC-42A3-9474-1A3956D46DE8}") = "Solution Items", "Solution Items", "{3790E053-7BE8-4F55-B264-550C72A13A1F}"
	ProjectSection(SolutionItems) = preProject
		Interop\bin\Debug\ADMINUI.WQLQUERYENGINE.DLL = Interop\bin\Debug\ADMINUI.WQLQUERYENGINE.DLL
		SCCM2012IntegrationPack\bin\Release\AdminUI.WqlQueryEngine.dll = SCCM2012IntegrationPack\bin\Release\AdminUI.WqlQueryEngine.dll
		ConfigurationManager.oip = ConfigurationManager.oip
		Interop\bin\Debug\microsoft.configurationmanagement.dll = Interop\bin\Debug\microsoft.configurationmanagement.dll
		Interop\bin\Debug\microsoft.configurationmanagement.managementprovider.dll = Interop\bin\Debug\microsoft.configurationmanagement.managementprovider.dll
		SCCM2012IntegrationPack\bin\Release\Microsoft.ConfigurationManagement.ManagementProvider.dll = SCCM2012IntegrationPack\bin\Release\Microsoft.ConfigurationManagement.ManagementProvider.dll
		SCORCHDev.ConfigurationManager.2012.oip = SCORCHDev.ConfigurationManager.2012.oip
	EndProjectSection
EndProject
Project("{FAE04EC0-301F-11D3-BF4B-00C04F79EFBC}") = "SCCM2012Interop", "SCCM2012Interop\SCCM2012Interop.csproj", "{8937BB4F-B9B8-4C35-93AD-586FA9BFB9B5}"
EndProject
Project("{FAE04EC0-301F-11D3-BF4B-00C04F79EFBC}") = "SCCM2012IntegrationPack", "SCCM2012IntegrationPack\SCCM2012IntegrationPack.csproj", "{AB86CD81-55D0-4DFF-BE02-F7EB6D720035}"
EndProject
Global
	GlobalSection(TeamFoundationVersionControl) = preSolution
		SccNumberOfProjects = 6
		SccEnterpriseProvider = {4CA58AB2-18FA-4F8D-95D4-32DDF27D184C}
		SccTeamFoundationServer = https://tfs.codeplex.com/tfs/tfs21
		SccLocalPath0 = .
		SccProjectUniqueName1 = Interop\\SCCMInterop.csproj
		SccProjectName1 = Interop
		SccLocalPath1 = Interop
		SccProjectUniqueName2 = Integration\u0020Pack\\SCCMIntegrationPack.csproj
		SccProjectName2 = Integration\u0020Pack
		SccLocalPath2 = Integration\u0020Pack
		SccProjectUniqueName3 = Image\u0020Project\\QIK.Wizard.Images.vcxproj
		SccProjectName3 = Image\u0020Project
		SccLocalPath3 = Image\u0020Project
		SccProjectUniqueName4 = SCCM2012Interop\\SCCM2012Interop.csproj
		SccProjectName4 = SCCM2012Interop
		SccLocalPath4 = SCCM2012Interop
		SccProjectUniqueName5 = SCCM2012IntegrationPack\\SCCM2012IntegrationPack.csproj
		SccProjectName5 = SCCM2012IntegrationPack
		SccLocalPath5 = SCCM2012IntegrationPack
	EndGlobalSection
	GlobalSection(SolutionConfigurationPlatforms) = preSolution
		CD_ROM|Any CPU = CD_ROM|Any CPU
		CD_ROM|Mixed Platforms = CD_ROM|Mixed Platforms
		CD_ROM|Win32 = CD_ROM|Win32
		Debug|Any CPU = Debug|Any CPU
		Debug|Mixed Platforms = Debug|Mixed Platforms
		Debug|Win32 = Debug|Win32
		DVD-5|Any CPU = DVD-5|Any CPU
		DVD-5|Mixed Platforms = DVD-5|Mixed Platforms
		DVD-5|Win32 = DVD-5|Win32
		Release|Any CPU = Release|Any CPU
		Release|Mixed Platforms = Release|Mixed Platforms
		Release|Win32 = Release|Win32
		SingleImage|Any CPU = SingleImage|Any CPU
		SingleImage|Mixed Platforms = SingleImage|Mixed Platforms
		SingleImage|Win32 = SingleImage|Win32
	EndGlobalSection
	GlobalSection(ProjectConfigurationPlatforms) = postSolution
		{4810C6EF-EF82-40E2-A105-464A539E7C15}.CD_ROM|Any CPU.ActiveCfg = Release|Any CPU
		{4810C6EF-EF82-40E2-A105-464A539E7C15}.CD_ROM|Any CPU.Build.0 = Release|Any CPU
		{4810C6EF-EF82-40E2-A105-464A539E7C15}.CD_ROM|Mixed Platforms.ActiveCfg = Release|Any CPU
		{4810C6EF-EF82-40E2-A105-464A539E7C15}.CD_ROM|Mixed Platforms.Build.0 = Release|Any CPU
		{4810C6EF-EF82-40E2-A105-464A539E7C15}.CD_ROM|Win32.ActiveCfg = Release|Any CPU
		{4810C6EF-EF82-40E2-A105-464A539E7C15}.Debug|Any CPU.ActiveCfg = Debug|Any CPU
		{4810C6EF-EF82-40E2-A105-464A539E7C15}.Debug|Any CPU.Build.0 = Debug|Any CPU
		{4810C6EF-EF82-40E2-A105-464A539E7C15}.Debug|Mixed Platforms.ActiveCfg = Debug|Any CPU
		{4810C6EF-EF82-40E2-A105-464A539E7C15}.Debug|Mixed Platforms.Build.0 = Debug|Any CPU
		{4810C6EF-EF82-40E2-A105-464A539E7C15}.Debug|Win32.ActiveCfg = Debug|Any CPU
		{4810C6EF-EF82-40E2-A105-464A539E7C15}.DVD-5|Any CPU.ActiveCfg = Debug|Any CPU
		{4810C6EF-EF82-40E2-A105-464A539E7C15}.DVD-5|Any CPU.Build.0 = Debug|Any CPU
		{4810C6EF-EF82-40E2-A105-464A539E7C15}.DVD-5|Mixed Platforms.ActiveCfg = Debug|Any CPU
		{4810C6EF-EF82-40E2-A105-464A539E7C15}.DVD-5|Mixed Platforms.Build.0 = Debug|Any CPU
		{4810C6EF-EF82-40E2-A105-464A539E7C15}.DVD-5|Win32.ActiveCfg = Debug|Any CPU
		{4810C6EF-EF82-40E2-A105-464A539E7C15}.Release|Any CPU.ActiveCfg = Release|Any CPU
		{4810C6EF-EF82-40E2-A105-464A539E7C15}.Release|Any CPU.Build.0 = Release|Any CPU
		{4810C6EF-EF82-40E2-A105-464A539E7C15}.Release|Mixed Platforms.ActiveCfg = Release|Any CPU
		{4810C6EF-EF82-40E2-A105-464A539E7C15}.Release|Mixed Platforms.Build.0 = Release|Any CPU
		{4810C6EF-EF82-40E2-A105-464A539E7C15}.Release|Win32.ActiveCfg = Release|Any CPU
		{4810C6EF-EF82-40E2-A105-464A539E7C15}.SingleImage|Any CPU.ActiveCfg = Release|Any CPU
		{4810C6EF-EF82-40E2-A105-464A539E7C15}.SingleImage|Any CPU.Build.0 = Release|Any CPU
		{4810C6EF-EF82-40E2-A105-464A539E7C15}.SingleImage|Mixed Platforms.ActiveCfg = Release|Any CPU
		{4810C6EF-EF82-40E2-A105-464A539E7C15}.SingleImage|Mixed Platforms.Build.0 = Release|Any CPU
		{4810C6EF-EF82-40E2-A105-464A539E7C15}.SingleImage|Win32.ActiveCfg = Release|Any CPU
		{F9803110-CCB7-4304-9620-29A1A7A79328}.CD_ROM|Any CPU.ActiveCfg = Release|Any CPU
		{F9803110-CCB7-4304-9620-29A1A7A79328}.CD_ROM|Any CPU.Build.0 = Release|Any CPU
		{F9803110-CCB7-4304-9620-29A1A7A79328}.CD_ROM|Mixed Platforms.ActiveCfg = Release|Any CPU
		{F9803110-CCB7-4304-9620-29A1A7A79328}.CD_ROM|Mixed Platforms.Build.0 = Release|Any CPU
		{F9803110-CCB7-4304-9620-29A1A7A79328}.CD_ROM|Win32.ActiveCfg = Release|Any CPU
		{F9803110-CCB7-4304-9620-29A1A7A79328}.Debug|Any CPU.ActiveCfg = Debug|Any CPU
		{F9803110-CCB7-4304-9620-29A1A7A79328}.Debug|Any CPU.Build.0 = Debug|Any CPU
		{F9803110-CCB7-4304-9620-29A1A7A79328}.Debug|Mixed Platforms.ActiveCfg = Debug|Any CPU
		{F9803110-CCB7-4304-9620-29A1A7A79328}.Debug|Mixed Platforms.Build.0 = Debug|Any CPU
		{F9803110-CCB7-4304-9620-29A1A7A79328}.Debug|Win32.ActiveCfg = Debug|Any CPU
		{F9803110-CCB7-4304-9620-29A1A7A79328}.DVD-5|Any CPU.ActiveCfg = Debug|Any CPU
		{F9803110-CCB7-4304-9620-29A1A7A79328}.DVD-5|Any CPU.Build.0 = Debug|Any CPU
		{F9803110-CCB7-4304-9620-29A1A7A79328}.DVD-5|Mixed Platforms.ActiveCfg = Debug|Any CPU
		{F9803110-CCB7-4304-9620-29A1A7A79328}.DVD-5|Mixed Platforms.Build.0 = Debug|Any CPU
		{F9803110-CCB7-4304-9620-29A1A7A79328}.DVD-5|Win32.ActiveCfg = Debug|Any CPU
		{F9803110-CCB7-4304-9620-29A1A7A79328}.Release|Any CPU.ActiveCfg = Release|Any CPU
		{F9803110-CCB7-4304-9620-29A1A7A79328}.Release|Any CPU.Build.0 = Release|Any CPU
		{F9803110-CCB7-4304-9620-29A1A7A79328}.Release|Mixed Platforms.ActiveCfg = Release|Any CPU
		{F9803110-CCB7-4304-9620-29A1A7A79328}.Release|Mixed Platforms.Build.0 = Release|Any CPU
		{F9803110-CCB7-4304-9620-29A1A7A79328}.Release|Win32.ActiveCfg = Release|Any CPU
		{F9803110-CCB7-4304-9620-29A1A7A79328}.SingleImage|Any CPU.ActiveCfg = Release|Any CPU
		{F9803110-CCB7-4304-9620-29A1A7A79328}.SingleImage|Any CPU.Build.0 = Release|Any CPU
		{F9803110-CCB7-4304-9620-29A1A7A79328}.SingleImage|Mixed Platforms.ActiveCfg = Release|Any CPU
		{F9803110-CCB7-4304-9620-29A1A7A79328}.SingleImage|Mixed Platforms.Build.0 = Release|Any CPU
		{F9803110-CCB7-4304-9620-29A1A7A79328}.SingleImage|Win32.ActiveCfg = Release|Any CPU
		{2323237C-E163-4F20-868E-46F95BDDED23}.CD_ROM|Any CPU.ActiveCfg = Release|Win32
		{2323237C-E163-4F20-868E-46F95BDDED23}.CD_ROM|Mixed Platforms.ActiveCfg = Release|Win32
		{2323237C-E163-4F20-868E-46F95BDDED23}.CD_ROM|Mixed Platforms.Build.0 = Release|Win32
		{2323237C-E163-4F20-868E-46F95BDDED23}.CD_ROM|Win32.ActiveCfg = Release|Win32
		{2323237C-E163-4F20-868E-46F95BDDED23}.CD_ROM|Win32.Build.0 = Release|Win32
		{2323237C-E163-4F20-868E-46F95BDDED23}.Debug|Any CPU.ActiveCfg = Debug|Win32
		{2323237C-E163-4F20-868E-46F95BDDED23}.Debug|Mixed Platforms.ActiveCfg = Debug|Win32
		{2323237C-E163-4F20-868E-46F95BDDED23}.Debug|Mixed Platforms.Build.0 = Debug|Win32
		{2323237C-E163-4F20-868E-46F95BDDED23}.Debug|Win32.ActiveCfg = Debug|Win32
		{2323237C-E163-4F20-868E-46F95BDDED23}.Debug|Win32.Build.0 = Debug|Win32
		{2323237C-E163-4F20-868E-46F95BDDED23}.DVD-5|Any CPU.ActiveCfg = Debug|Win32
		{2323237C-E163-4F20-868E-46F95BDDED23}.DVD-5|Mixed Platforms.ActiveCfg = Debug|Win32
		{2323237C-E163-4F20-868E-46F95BDDED23}.DVD-5|Mixed Platforms.Build.0 = Debug|Win32
		{2323237C-E163-4F20-868E-46F95BDDED23}.DVD-5|Win32.ActiveCfg = Debug|Win32
		{2323237C-E163-4F20-868E-46F95BDDED23}.DVD-5|Win32.Build.0 = Debug|Win32
		{2323237C-E163-4F20-868E-46F95BDDED23}.Release|Any CPU.ActiveCfg = Release|Win32
		{2323237C-E163-4F20-868E-46F95BDDED23}.Release|Mixed Platforms.ActiveCfg = Release|Win32
		{2323237C-E163-4F20-868E-46F95BDDED23}.Release|Mixed Platforms.Build.0 = Release|Win32
		{2323237C-E163-4F20-868E-46F95BDDED23}.Release|Win32.ActiveCfg = Release|Win32
		{2323237C-E163-4F20-868E-46F95BDDED23}.Release|Win32.Build.0 = Release|Win32
		{2323237C-E163-4F20-868E-46F95BDDED23}.SingleImage|Any CPU.ActiveCfg = Release|Win32
		{2323237C-E163-4F20-868E-46F95BDDED23}.SingleImage|Mixed Platforms.ActiveCfg = Release|Win32
		{2323237C-E163-4F20-868E-46F95BDDED23}.SingleImage|Mixed Platforms.Build.0 = Release|Win32
		{2323237C-E163-4F20-868E-46F95BDDED23}.SingleImage|Win32.ActiveCfg = Release|Win32
		{2323237C-E163-4F20-868E-46F95BDDED23}.SingleImage|Win32.Build.0 = Release|Win32
		{8937BB4F-B9B8-4C35-93AD-586FA9BFB9B5}.CD_ROM|Any CPU.ActiveCfg = Release|Any CPU
		{8937BB4F-B9B8-4C35-93AD-586FA9BFB9B5}.CD_ROM|Any CPU.Build.0 = Release|Any CPU
		{8937BB4F-B9B8-4C35-93AD-586FA9BFB9B5}.CD_ROM|Mixed Platforms.ActiveCfg = Release|Any CPU
		{8937BB4F-B9B8-4C35-93AD-586FA9BFB9B5}.CD_ROM|Mixed Platforms.Build.0 = Release|Any CPU
		{8937BB4F-B9B8-4C35-93AD-586FA9BFB9B5}.CD_ROM|Win32.ActiveCfg = Release|Any CPU
		{8937BB4F-B9B8-4C35-93AD-586FA9BFB9B5}.Debug|Any CPU.ActiveCfg = Debug|Any CPU
		{8937BB4F-B9B8-4C35-93AD-586FA9BFB9B5}.Debug|Any CPU.Build.0 = Debug|Any CPU
		{8937BB4F-B9B8-4C35-93AD-586FA9BFB9B5}.Debug|Mixed Platforms.ActiveCfg = Debug|Any CPU
		{8937BB4F-B9B8-4C35-93AD-586FA9BFB9B5}.Debug|Mixed Platforms.Build.0 = Debug|Any CPU
		{8937BB4F-B9B8-4C35-93AD-586FA9BFB9B5}.Debug|Win32.ActiveCfg = Debug|Any CPU
		{8937BB4F-B9B8-4C35-93AD-586FA9BFB9B5}.DVD-5|Any CPU.ActiveCfg = Debug|Any CPU
		{8937BB4F-B9B8-4C35-93AD-586FA9BFB9B5}.DVD-5|Any CPU.Build.0 = Debug|Any CPU
		{8937BB4F-B9B8-4C35-93AD-586FA9BFB9B5}.DVD-5|Mixed Platforms.ActiveCfg = Debug|Any CPU
		{8937BB4F-B9B8-4C35-93AD-586FA9BFB9B5}.DVD-5|Mixed Platforms.Build.0 = Debug|Any CPU
		{8937BB4F-B9B8-4C35-93AD-586FA9BFB9B5}.DVD-5|Win32.ActiveCfg = Debug|Any CPU
		{8937BB4F-B9B8-4C35-93AD-586FA9BFB9B5}.Release|Any CPU.ActiveCfg = Release|Any CPU
		{8937BB4F-B9B8-4C35-93AD-586FA9BFB9B5}.Release|Any CPU.Build.0 = Release|Any CPU
		{8937BB4F-B9B8-4C35-93AD-586FA9BFB9B5}.Release|Mixed Platforms.ActiveCfg = Release|Any CPU
		{8937BB4F-B9B8-4C35-93AD-586FA9BFB9B5}.Release|Mixed Platforms.Build.0 = Release|Any CPU
		{8937BB4F-B9B8-4C35-93AD-586FA9BFB9B5}.Release|Win32.ActiveCfg = Release|Any CPU
		{8937BB4F-B9B8-4C35-93AD-586FA9BFB9B5}.SingleImage|Any CPU.ActiveCfg = Release|Any CPU
		{8937BB4F-B9B8-4C35-93AD-586FA9BFB9B5}.SingleImage|Any CPU.Build.0 = Release|Any CPU
		{8937BB4F-B9B8-4C35-93AD-586FA9BFB9B5}.SingleImage|Mixed Platforms.ActiveCfg = Release|Any CPU
		{8937BB4F-B9B8-4C35-93AD-586FA9BFB9B5}.SingleImage|Mixed Platforms.Build.0 = Release|Any CPU
		{8937BB4F-B9B8-4C35-93AD-586FA9BFB9B5}.SingleImage|Win32.ActiveCfg = Release|Any CPU
		{AB86CD81-55D0-4DFF-BE02-F7EB6D720035}.CD_ROM|Any CPU.ActiveCfg = Release|Any CPU
		{AB86CD81-55D0-4DFF-BE02-F7EB6D720035}.CD_ROM|Any CPU.Build.0 = Release|Any CPU
		{AB86CD81-55D0-4DFF-BE02-F7EB6D720035}.CD_ROM|Mixed Platforms.ActiveCfg = Release|Any CPU
		{AB86CD81-55D0-4DFF-BE02-F7EB6D720035}.CD_ROM|Mixed Platforms.Build.0 = Release|Any CPU
		{AB86CD81-55D0-4DFF-BE02-F7EB6D720035}.CD_ROM|Win32.ActiveCfg = Release|Any CPU
		{AB86CD81-55D0-4DFF-BE02-F7EB6D720035}.Debug|Any CPU.ActiveCfg = Debug|Any CPU
		{AB86CD81-55D0-4DFF-BE02-F7EB6D720035}.Debug|Any CPU.Build.0 = Debug|Any CPU
		{AB86CD81-55D0-4DFF-BE02-F7EB6D720035}.Debug|Mixed Platforms.ActiveCfg = Debug|Any CPU
		{AB86CD81-55D0-4DFF-BE02-F7EB6D720035}.Debug|Mixed Platforms.Build.0 = Debug|Any CPU
		{AB86CD81-55D0-4DFF-BE02-F7EB6D720035}.Debug|Win32.ActiveCfg = Debug|Any CPU
		{AB86CD81-55D0-4DFF-BE02-F7EB6D720035}.DVD-5|Any CPU.ActiveCfg = Debug|Any CPU
		{AB86CD81-55D0-4DFF-BE02-F7EB6D720035}.DVD-5|Any CPU.Build.0 = Debug|Any CPU
		{AB86CD81-55D0-4DFF-BE02-F7EB6D720035}.DVD-5|Mixed Platforms.ActiveCfg = Debug|Any CPU
		{AB86CD81-55D0-4DFF-BE02-F7EB6D720035}.DVD-5|Mixed Platforms.Build.0 = Debug|Any CPU
		{AB86CD81-55D0-4DFF-BE02-F7EB6D720035}.DVD-5|Win32.ActiveCfg = Debug|Any CPU
		{AB86CD81-55D0-4DFF-BE02-F7EB6D720035}.Release|Any CPU.ActiveCfg = Release|Any CPU
		{AB86CD81-55D0-4DFF-BE02-F7EB6D720035}.Release|Any CPU.Build.0 = Release|Any CPU
		{AB86CD81-55D0-4DFF-BE02-F7EB6D720035}.Release|Mixed Platforms.ActiveCfg = Release|Any CPU
		{AB86CD81-55D0-4DFF-BE02-F7EB6D720035}.Release|Mixed Platforms.Build.0 = Release|Any CPU
		{AB86CD81-55D0-4DFF-BE02-F7EB6D720035}.Release|Win32.ActiveCfg = Release|Any CPU
		{AB86CD81-55D0-4DFF-BE02-F7EB6D720035}.SingleImage|Any CPU.ActiveCfg = Release|Any CPU
		{AB86CD81-55D0-4DFF-BE02-F7EB6D720035}.SingleImage|Any CPU.Build.0 = Release|Any CPU
		{AB86CD81-55D0-4DFF-BE02-F7EB6D720035}.SingleImage|Mixed Platforms.ActiveCfg = Release|Any CPU
		{AB86CD81-55D0-4DFF-BE02-F7EB6D720035}.SingleImage|Mixed Platforms.Build.0 = Release|Any CPU
		{AB86CD81-55D0-4DFF-BE02-F7EB6D720035}.SingleImage|Win32.ActiveCfg = Release|Any CPU
	EndGlobalSection
	GlobalSection(SolutionProperties) = preSolution
		HideSolutionNode = FALSE
	EndGlobalSection
EndGlobal
