
Microsoft Visual Studio Solution File, Format Version 12.00
# Visual Studio 2013
VisualStudioVersion = 12.0.21005.1
MinimumVisualStudioVersion = 10.0.40219.1
Project("{FAE04EC0-301F-11D3-BF4B-00C04F79EFBC}") = "OrchestratorInterop", "Interop\OrchestratorInterop.csproj", "{EE56E54F-0461-480A-A12E-F91AD86CA483}"
EndProject
Project("{FAE04EC0-301F-11D3-BF4B-00C04F79EFBC}") = "OrchestratorIP", "OrchestratorIP\OrchestratorIP.csproj", "{77207AC3-BC60-40D4-BEC1-C8C7741075F6}"
EndProject
Project("{2150E333-8FDC-42A3-9474-1A3956D46DE8}") = "Solution Items", "Solution Items", "{FCE3C402-40D9-42F6-9BF3-3EA9B2E831B4}"
	ProjectSection(SolutionItems) = preProject
		SCORCHDev.Orchestrator.oip = SCORCHDev.Orchestrator.oip
	EndProjectSection
EndProject
Project("{FAE04EC0-301F-11D3-BF4B-00C04F79EFBC}") = "commandLine", "commandLine\commandLine.csproj", "{E6446B2B-BF01-4E9A-BBD5-942A8C8416B4}"
EndProject
Project("{FAE04EC0-301F-11D3-BF4B-00C04F79EFBC}") = "scorchLauncher", "scorchLauncher\scorchLauncher.csproj", "{EB8FC181-5D85-41B6-AD12-B796D50C22FA}"
EndProject
Project("{FAE04EC0-301F-11D3-BF4B-00C04F79EFBC}") = "scorch.PoSH.module", "scorch.PoSH.module\scorch.PoSH.module.csproj", "{BE74B415-B95B-4F88-AA88-E725D7B0B194}"
EndProject
Project("{FAE04EC0-301F-11D3-BF4B-00C04F79EFBC}") = "ServiceManagementAutomation.Interop", "ServiceManagementAutomation.Interop\ServiceManagementAutomation.Interop.csproj", "{F8B08D3A-3B4F-4E1F-9540-1D228B2F3F56}"
EndProject
Global
	GlobalSection(TeamFoundationVersionControl) = preSolution
		SccNumberOfProjects = 7
		SccEnterpriseProvider = {4CA58AB2-18FA-4F8D-95D4-32DDF27D184C}
		SccTeamFoundationServer = https://tfs.codeplex.com/tfs/tfs21
		SccLocalPath0 = .
		SccProjectUniqueName1 = Interop\\OrchestratorInterop.csproj
		SccProjectName1 = Interop
		SccLocalPath1 = Interop
		SccProjectUniqueName2 = OrchestratorIP\\OrchestratorIP.csproj
		SccProjectName2 = OrchestratorIP
		SccLocalPath2 = OrchestratorIP
		SccProjectUniqueName3 = commandLine\\commandLine.csproj
		SccProjectName3 = commandLine
		SccLocalPath3 = commandLine
		SccProjectUniqueName4 = scorchLauncher\\scorchLauncher.csproj
		SccProjectName4 = scorchLauncher
		SccLocalPath4 = scorchLauncher
		SccProjectUniqueName5 = scorch.PoSH.module\\scorch.PoSH.module.csproj
		SccProjectName5 = scorch.PoSH.module
		SccLocalPath5 = scorch.PoSH.module
		SccProjectUniqueName6 = ServiceManagementAutomation.Interop\\ServiceManagementAutomation.Interop.csproj
		SccProjectName6 = ServiceManagementAutomation.Interop
		SccLocalPath6 = ServiceManagementAutomation.Interop
	EndGlobalSection
	GlobalSection(SolutionConfigurationPlatforms) = preSolution
		Debug|Any CPU = Debug|Any CPU
		Debug|Mixed Platforms = Debug|Mixed Platforms
		Debug|x86 = Debug|x86
		Release|Any CPU = Release|Any CPU
		Release|Mixed Platforms = Release|Mixed Platforms
		Release|x86 = Release|x86
	EndGlobalSection
	GlobalSection(ProjectConfigurationPlatforms) = postSolution
		{EE56E54F-0461-480A-A12E-F91AD86CA483}.Debug|Any CPU.ActiveCfg = Debug|Any CPU
		{EE56E54F-0461-480A-A12E-F91AD86CA483}.Debug|Any CPU.Build.0 = Debug|Any CPU
		{EE56E54F-0461-480A-A12E-F91AD86CA483}.Debug|Mixed Platforms.ActiveCfg = Debug|Any CPU
		{EE56E54F-0461-480A-A12E-F91AD86CA483}.Debug|Mixed Platforms.Build.0 = Debug|Any CPU
		{EE56E54F-0461-480A-A12E-F91AD86CA483}.Debug|x86.ActiveCfg = Debug|Any CPU
		{EE56E54F-0461-480A-A12E-F91AD86CA483}.Release|Any CPU.ActiveCfg = Release|Any CPU
		{EE56E54F-0461-480A-A12E-F91AD86CA483}.Release|Any CPU.Build.0 = Release|Any CPU
		{EE56E54F-0461-480A-A12E-F91AD86CA483}.Release|Mixed Platforms.ActiveCfg = Release|Any CPU
		{EE56E54F-0461-480A-A12E-F91AD86CA483}.Release|Mixed Platforms.Build.0 = Release|Any CPU
		{EE56E54F-0461-480A-A12E-F91AD86CA483}.Release|x86.ActiveCfg = Release|Any CPU
		{77207AC3-BC60-40D4-BEC1-C8C7741075F6}.Debug|Any CPU.ActiveCfg = Debug|Any CPU
		{77207AC3-BC60-40D4-BEC1-C8C7741075F6}.Debug|Any CPU.Build.0 = Debug|Any CPU
		{77207AC3-BC60-40D4-BEC1-C8C7741075F6}.Debug|Mixed Platforms.ActiveCfg = Debug|Any CPU
		{77207AC3-BC60-40D4-BEC1-C8C7741075F6}.Debug|Mixed Platforms.Build.0 = Debug|Any CPU
		{77207AC3-BC60-40D4-BEC1-C8C7741075F6}.Debug|x86.ActiveCfg = Debug|Any CPU
		{77207AC3-BC60-40D4-BEC1-C8C7741075F6}.Release|Any CPU.ActiveCfg = Release|Any CPU
		{77207AC3-BC60-40D4-BEC1-C8C7741075F6}.Release|Any CPU.Build.0 = Release|Any CPU
		{77207AC3-BC60-40D4-BEC1-C8C7741075F6}.Release|Mixed Platforms.ActiveCfg = Release|Any CPU
		{77207AC3-BC60-40D4-BEC1-C8C7741075F6}.Release|Mixed Platforms.Build.0 = Release|Any CPU
		{77207AC3-BC60-40D4-BEC1-C8C7741075F6}.Release|x86.ActiveCfg = Release|Any CPU
		{E6446B2B-BF01-4E9A-BBD5-942A8C8416B4}.Debug|Any CPU.ActiveCfg = Debug|x86
		{E6446B2B-BF01-4E9A-BBD5-942A8C8416B4}.Debug|Mixed Platforms.ActiveCfg = Debug|x86
		{E6446B2B-BF01-4E9A-BBD5-942A8C8416B4}.Debug|Mixed Platforms.Build.0 = Debug|x86
		{E6446B2B-BF01-4E9A-BBD5-942A8C8416B4}.Debug|x86.ActiveCfg = Debug|x86
		{E6446B2B-BF01-4E9A-BBD5-942A8C8416B4}.Debug|x86.Build.0 = Debug|x86
		{E6446B2B-BF01-4E9A-BBD5-942A8C8416B4}.Release|Any CPU.ActiveCfg = Release|x86
		{E6446B2B-BF01-4E9A-BBD5-942A8C8416B4}.Release|Mixed Platforms.ActiveCfg = Release|x86
		{E6446B2B-BF01-4E9A-BBD5-942A8C8416B4}.Release|Mixed Platforms.Build.0 = Release|x86
		{E6446B2B-BF01-4E9A-BBD5-942A8C8416B4}.Release|x86.ActiveCfg = Release|x86
		{E6446B2B-BF01-4E9A-BBD5-942A8C8416B4}.Release|x86.Build.0 = Release|x86
		{EB8FC181-5D85-41B6-AD12-B796D50C22FA}.Debug|Any CPU.ActiveCfg = Debug|x86
		{EB8FC181-5D85-41B6-AD12-B796D50C22FA}.Debug|Mixed Platforms.ActiveCfg = Debug|x86
		{EB8FC181-5D85-41B6-AD12-B796D50C22FA}.Debug|Mixed Platforms.Build.0 = Debug|x86
		{EB8FC181-5D85-41B6-AD12-B796D50C22FA}.Debug|x86.ActiveCfg = Debug|x86
		{EB8FC181-5D85-41B6-AD12-B796D50C22FA}.Debug|x86.Build.0 = Debug|x86
		{EB8FC181-5D85-41B6-AD12-B796D50C22FA}.Release|Any CPU.ActiveCfg = Release|x86
		{EB8FC181-5D85-41B6-AD12-B796D50C22FA}.Release|Mixed Platforms.ActiveCfg = Release|x86
		{EB8FC181-5D85-41B6-AD12-B796D50C22FA}.Release|Mixed Platforms.Build.0 = Release|x86
		{EB8FC181-5D85-41B6-AD12-B796D50C22FA}.Release|x86.ActiveCfg = Release|x86
		{EB8FC181-5D85-41B6-AD12-B796D50C22FA}.Release|x86.Build.0 = Release|x86
		{BE74B415-B95B-4F88-AA88-E725D7B0B194}.Debug|Any CPU.ActiveCfg = Debug|Any CPU
		{BE74B415-B95B-4F88-AA88-E725D7B0B194}.Debug|Any CPU.Build.0 = Debug|Any CPU
		{BE74B415-B95B-4F88-AA88-E725D7B0B194}.Debug|Mixed Platforms.ActiveCfg = Debug|Any CPU
		{BE74B415-B95B-4F88-AA88-E725D7B0B194}.Debug|Mixed Platforms.Build.0 = Debug|Any CPU
		{BE74B415-B95B-4F88-AA88-E725D7B0B194}.Debug|x86.ActiveCfg = Debug|Any CPU
		{BE74B415-B95B-4F88-AA88-E725D7B0B194}.Release|Any CPU.ActiveCfg = Release|Any CPU
		{BE74B415-B95B-4F88-AA88-E725D7B0B194}.Release|Any CPU.Build.0 = Release|Any CPU
		{BE74B415-B95B-4F88-AA88-E725D7B0B194}.Release|Mixed Platforms.ActiveCfg = Release|Any CPU
		{BE74B415-B95B-4F88-AA88-E725D7B0B194}.Release|Mixed Platforms.Build.0 = Release|Any CPU
		{BE74B415-B95B-4F88-AA88-E725D7B0B194}.Release|x86.ActiveCfg = Release|Any CPU
		{F8B08D3A-3B4F-4E1F-9540-1D228B2F3F56}.Debug|Any CPU.ActiveCfg = Debug|Any CPU
		{F8B08D3A-3B4F-4E1F-9540-1D228B2F3F56}.Debug|Any CPU.Build.0 = Debug|Any CPU
		{F8B08D3A-3B4F-4E1F-9540-1D228B2F3F56}.Debug|Mixed Platforms.ActiveCfg = Debug|Any CPU
		{F8B08D3A-3B4F-4E1F-9540-1D228B2F3F56}.Debug|Mixed Platforms.Build.0 = Debug|Any CPU
		{F8B08D3A-3B4F-4E1F-9540-1D228B2F3F56}.Debug|x86.ActiveCfg = Debug|Any CPU
		{F8B08D3A-3B4F-4E1F-9540-1D228B2F3F56}.Release|Any CPU.ActiveCfg = Release|Any CPU
		{F8B08D3A-3B4F-4E1F-9540-1D228B2F3F56}.Release|Any CPU.Build.0 = Release|Any CPU
		{F8B08D3A-3B4F-4E1F-9540-1D228B2F3F56}.Release|Mixed Platforms.ActiveCfg = Release|Any CPU
		{F8B08D3A-3B4F-4E1F-9540-1D228B2F3F56}.Release|Mixed Platforms.Build.0 = Release|Any CPU
		{F8B08D3A-3B4F-4E1F-9540-1D228B2F3F56}.Release|x86.ActiveCfg = Release|Any CPU
	EndGlobalSection
	GlobalSection(SolutionProperties) = preSolution
		HideSolutionNode = FALSE
	EndGlobalSection
EndGlobal
