
Microsoft Visual Studio Solution File, Format Version 12.00
# Visual Studio 2012
Project("{FAE04EC0-301F-11D3-BF4B-00C04F79EFBC}") = "UpdateRegServerBranding", "UpdateRegServerBranding\UpdateRegServerBranding.csproj", "{D0830520-5C43-4B31-ABF8-D5B457F19D4A}"
EndProject
Global
	GlobalSection(TeamFoundationVersionControl) = preSolution
		SccNumberOfProjects = 2
		SccEnterpriseProvider = {4CA58AB2-18FA-4F8D-95D4-32DDF27D184C}
		SccTeamFoundationServer = https://tfs.codeplex.com/tfs/tfs21
		SccLocalPath0 = .
		SccProjectUniqueName1 = UpdateRegServerBranding\\UpdateRegServerBranding.csproj
		SccProjectName1 = UpdateRegServerBranding
		SccLocalPath1 = UpdateRegServerBranding
	EndGlobalSection
	GlobalSection(SolutionConfigurationPlatforms) = preSolution
		Debug|Any CPU = Debug|Any CPU
		Release|Any CPU = Release|Any CPU
	EndGlobalSection
	GlobalSection(ProjectConfigurationPlatforms) = postSolution
		{D0830520-5C43-4B31-ABF8-D5B457F19D4A}.Debug|Any CPU.ActiveCfg = Debug|Any CPU
		{D0830520-5C43-4B31-ABF8-D5B457F19D4A}.Debug|Any CPU.Build.0 = Debug|Any CPU
		{D0830520-5C43-4B31-ABF8-D5B457F19D4A}.Release|Any CPU.ActiveCfg = Release|Any CPU
		{D0830520-5C43-4B31-ABF8-D5B457F19D4A}.Release|Any CPU.Build.0 = Release|Any CPU
	EndGlobalSection
	GlobalSection(SolutionProperties) = preSolution
		HideSolutionNode = FALSE
	EndGlobalSection
EndGlobal
