
Microsoft Visual Studio Solution File, Format Version 11.00
# Visual Studio 2010
Project("{FAE04EC0-301F-11D3-BF4B-00C04F79EFBC}") = "EventLog", "EventLog\EventLog.csproj", "{325D0FE0-6DCF-4FA8-AEB7-78EF3B7A341B}"
EndProject
Project("{FAE04EC0-301F-11D3-BF4B-00C04F79EFBC}") = "EventLogInterop", "EventLogInterop\EventLogInterop.csproj", "{7D3456FC-13D3-4726-BDDF-3278FBB826E8}"
EndProject
Global
	GlobalSection(TeamFoundationVersionControl) = preSolution
		SccNumberOfProjects = 3
		SccEnterpriseProvider = {4CA58AB2-18FA-4F8D-95D4-32DDF27D184C}
		SccTeamFoundationServer = https://tfs.codeplex.com/tfs/tfs21
		SccLocalPath0 = .
		SccProjectUniqueName1 = EventLog\\EventLog.csproj
		SccProjectName1 = EventLog
		SccLocalPath1 = EventLog
		SccProjectUniqueName2 = EventLogInterop\\EventLogInterop.csproj
		SccProjectName2 = EventLogInterop
		SccLocalPath2 = EventLogInterop
	EndGlobalSection
	GlobalSection(SolutionConfigurationPlatforms) = preSolution
		Debug|Any CPU = Debug|Any CPU
		Release|Any CPU = Release|Any CPU
	EndGlobalSection
	GlobalSection(ProjectConfigurationPlatforms) = postSolution
		{325D0FE0-6DCF-4FA8-AEB7-78EF3B7A341B}.Debug|Any CPU.ActiveCfg = Debug|Any CPU
		{325D0FE0-6DCF-4FA8-AEB7-78EF3B7A341B}.Debug|Any CPU.Build.0 = Debug|Any CPU
		{325D0FE0-6DCF-4FA8-AEB7-78EF3B7A341B}.Release|Any CPU.ActiveCfg = Release|Any CPU
		{325D0FE0-6DCF-4FA8-AEB7-78EF3B7A341B}.Release|Any CPU.Build.0 = Release|Any CPU
		{7D3456FC-13D3-4726-BDDF-3278FBB826E8}.Debug|Any CPU.ActiveCfg = Debug|Any CPU
		{7D3456FC-13D3-4726-BDDF-3278FBB826E8}.Debug|Any CPU.Build.0 = Debug|Any CPU
		{7D3456FC-13D3-4726-BDDF-3278FBB826E8}.Release|Any CPU.ActiveCfg = Release|Any CPU
		{7D3456FC-13D3-4726-BDDF-3278FBB826E8}.Release|Any CPU.Build.0 = Release|Any CPU
	EndGlobalSection
	GlobalSection(SolutionProperties) = preSolution
		HideSolutionNode = FALSE
	EndGlobalSection
EndGlobal
