
Microsoft Visual Studio Solution File, Format Version 11.00
# Visual Studio 2010
Project("{FAE04EC0-301F-11D3-BF4B-00C04F79EFBC}") = "BladeLogic", "BladeLogic\BladeLogic.csproj", "{FB3BDD86-5921-43F3-B1FF-3FF830D70F7B}"
EndProject
Project("{FAE04EC0-301F-11D3-BF4B-00C04F79EFBC}") = "Renci.SshNet.NET35", "sshNET\Renci.SshNet.NET35\Renci.SshNet.NET35.csproj", "{DD1C552F-7F48-4269-ABB3-2E4C89B7E43A}"
EndProject
Project("{2150E333-8FDC-42A3-9474-1A3956D46DE8}") = "Solution Items", "Solution Items", "{2B67DF8F-A2EC-481E-9E0F-2985961DA5A4}"
	ProjectSection(SolutionItems) = preProject
		SCOrchDev.BladeLogic.oip = SCOrchDev.BladeLogic.oip
	EndProjectSection
EndProject
Global
	GlobalSection(TeamFoundationVersionControl) = preSolution
		SccNumberOfProjects = 3
		SccEnterpriseProvider = {4CA58AB2-18FA-4F8D-95D4-32DDF27D184C}
		SccTeamFoundationServer = https://tfs.codeplex.com/tfs/tfs21
		SccLocalPath0 = .
		SccProjectUniqueName1 = BladeLogic\\BladeLogic.csproj
		SccProjectName1 = BladeLogic
		SccLocalPath1 = BladeLogic
		SccProjectUniqueName2 = sshNET\\Renci.SshNet.NET35\\Renci.SshNet.NET35.csproj
		SccProjectName2 = sshNET/Renci.SshNet.NET35
		SccLocalPath2 = sshNET\\Renci.SshNet.NET35
	EndGlobalSection
	GlobalSection(SolutionConfigurationPlatforms) = preSolution
		Debug|Any CPU = Debug|Any CPU
		Release|Any CPU = Release|Any CPU
	EndGlobalSection
	GlobalSection(ProjectConfigurationPlatforms) = postSolution
		{FB3BDD86-5921-43F3-B1FF-3FF830D70F7B}.Debug|Any CPU.ActiveCfg = Debug|Any CPU
		{FB3BDD86-5921-43F3-B1FF-3FF830D70F7B}.Debug|Any CPU.Build.0 = Debug|Any CPU
		{FB3BDD86-5921-43F3-B1FF-3FF830D70F7B}.Release|Any CPU.ActiveCfg = Release|Any CPU
		{FB3BDD86-5921-43F3-B1FF-3FF830D70F7B}.Release|Any CPU.Build.0 = Release|Any CPU
		{DD1C552F-7F48-4269-ABB3-2E4C89B7E43A}.Debug|Any CPU.ActiveCfg = Debug|Any CPU
		{DD1C552F-7F48-4269-ABB3-2E4C89B7E43A}.Debug|Any CPU.Build.0 = Debug|Any CPU
		{DD1C552F-7F48-4269-ABB3-2E4C89B7E43A}.Release|Any CPU.ActiveCfg = Release|Any CPU
		{DD1C552F-7F48-4269-ABB3-2E4C89B7E43A}.Release|Any CPU.Build.0 = Release|Any CPU
	EndGlobalSection
	GlobalSection(SolutionProperties) = preSolution
		HideSolutionNode = FALSE
	EndGlobalSection
EndGlobal
